
Microsoft Visual Studio Solution File, Format Version 12.00
# Visual Studio Version 17
VisualStudioVersion = 17.0.31903.59
MinimumVisualStudioVersion = 10.0.40219.1
Project("{FAE04EC0-301F-11D3-BF4B-00C04F79EFBC}") = "PassReset.Common", "PassReset.Common\PassReset.Common.csproj", "{BAFE3A07-3815-41DB-90D7-B0257CC1D6DB}"
EndProject
Project("{FAE04EC0-301F-11D3-BF4B-00C04F79EFBC}") = "PassReset.PasswordProvider", "PassReset.PasswordProvider\PassReset.PasswordProvider.csproj", "{8D6132D4-1282-4ED1-8F39-D99A834D1554}"
EndProject
Project("{FAE04EC0-301F-11D3-BF4B-00C04F79EFBC}") = "PassReset.Web", "PassReset.Web\PassReset.Web.csproj", "{EC8386B9-D074-4991-A9A5-5A861F290916}"
EndProject
Project("{FAE04EC0-301F-11D3-BF4B-00C04F79EFBC}") = "PassReset.Tests", "PassReset.Tests\PassReset.Tests.csproj", "{80AF91FE-E96D-4EF6-BE37-9FB2D5A72745}"
EndProject
Project("{FAE04EC0-301F-11D3-BF4B-00C04F79EFBC}") = "PassReset.PasswordProvider.Ldap", "PassReset.PasswordProvider.Ldap\PassReset.PasswordProvider.Ldap.csproj", "{AA86E52E-88FE-4E21-9A34-58E6828581E0}"
EndProject
Project("{FAE04EC0-301F-11D3-BF4B-00C04F79EFBC}") = "PassReset.Tests.Windows", "PassReset.Tests.Windows\PassReset.Tests.Windows.csproj", "{57CEF3BE-3F2B-4050-A46F-89B524472843}"
EndProject
Project("{FAE04EC0-301F-11D3-BF4B-00C04F79EFBC}") = "PassReset.Tests.Integration.Ldap", "PassReset.Tests.Integration.Ldap\PassReset.Tests.Integration.Ldap.csproj", "{AB3C775F-5D77-4D89-94DD-4CE696BD2FE2}"
EndProject
Global
	GlobalSection(SolutionConfigurationPlatforms) = preSolution
		Debug|Any CPU = Debug|Any CPU
		Debug|x64 = Debug|x64
		Debug|x86 = Debug|x86
		Release|Any CPU = Release|Any CPU
		Release|x64 = Release|x64
		Release|x86 = Release|x86
	EndGlobalSection
	GlobalSection(ProjectConfigurationPlatforms) = postSolution
		{BAFE3A07-3815-41DB-90D7-B0257CC1D6DB}.Debug|Any CPU.ActiveCfg = Debug|Any CPU
		{BAFE3A07-3815-41DB-90D7-B0257CC1D6DB}.Debug|Any CPU.Build.0 = Debug|Any CPU
		{BAFE3A07-3815-41DB-90D7-B0257CC1D6DB}.Debug|x64.ActiveCfg = Debug|Any CPU
		{BAFE3A07-3815-41DB-90D7-B0257CC1D6DB}.Debug|x64.Build.0 = Debug|Any CPU
		{BAFE3A07-3815-41DB-90D7-B0257CC1D6DB}.Debug|x86.ActiveCfg = Debug|Any CPU
		{BAFE3A07-3815-41DB-90D7-B0257CC1D6DB}.Debug|x86.Build.0 = Debug|Any CPU
		{BAFE3A07-3815-41DB-90D7-B0257CC1D6DB}.Release|Any CPU.ActiveCfg = Release|Any CPU
		{BAFE3A07-3815-41DB-90D7-B0257CC1D6DB}.Release|Any CPU.Build.0 = Release|Any CPU
		{BAFE3A07-3815-41DB-90D7-B0257CC1D6DB}.Release|x64.ActiveCfg = Release|Any CPU
		{BAFE3A07-3815-41DB-90D7-B0257CC1D6DB}.Release|x64.Build.0 = Release|Any CPU
		{BAFE3A07-3815-41DB-90D7-B0257CC1D6DB}.Release|x86.ActiveCfg = Release|Any CPU
		{BAFE3A07-3815-41DB-90D7-B0257CC1D6DB}.Release|x86.Build.0 = Release|Any CPU
		{8D6132D4-1282-4ED1-8F39-D99A834D1554}.Debug|Any CPU.ActiveCfg = Debug|Any CPU
		{8D6132D4-1282-4ED1-8F39-D99A834D1554}.Debug|Any CPU.Build.0 = Debug|Any CPU
		{8D6132D4-1282-4ED1-8F39-D99A834D1554}.Debug|x64.ActiveCfg = Debug|Any CPU
		{8D6132D4-1282-4ED1-8F39-D99A834D1554}.Debug|x64.Build.0 = Debug|Any CPU
		{8D6132D4-1282-4ED1-8F39-D99A834D1554}.Debug|x86.ActiveCfg = Debug|Any CPU
		{8D6132D4-1282-4ED1-8F39-D99A834D1554}.Debug|x86.Build.0 = Debug|Any CPU
		{8D6132D4-1282-4ED1-8F39-D99A834D1554}.Release|Any CPU.ActiveCfg = Release|Any CPU
		{8D6132D4-1282-4ED1-8F39-D99A834D1554}.Release|Any CPU.Build.0 = Release|Any CPU
		{8D6132D4-1282-4ED1-8F39-D99A834D1554}.Release|x64.ActiveCfg = Release|Any CPU
		{8D6132D4-1282-4ED1-8F39-D99A834D1554}.Release|x64.Build.0 = Release|Any CPU
		{8D6132D4-1282-4ED1-8F39-D99A834D1554}.Release|x86.ActiveCfg = Release|Any CPU
		{8D6132D4-1282-4ED1-8F39-D99A834D1554}.Release|x86.Build.0 = Release|Any CPU
		{EC8386B9-D074-4991-A9A5-5A861F290916}.Debug|Any CPU.ActiveCfg = Debug|Any CPU
		{EC8386B9-D074-4991-A9A5-5A861F290916}.Debug|Any CPU.Build.0 = Debug|Any CPU
		{EC8386B9-D074-4991-A9A5-5A861F290916}.Debug|x64.ActiveCfg = Debug|Any CPU
		{EC8386B9-D074-4991-A9A5-5A861F290916}.Debug|x64.Build.0 = Debug|Any CPU
		{EC8386B9-D074-4991-A9A5-5A861F290916}.Debug|x86.ActiveCfg = Debug|Any CPU
		{EC8386B9-D074-4991-A9A5-5A861F290916}.Debug|x86.Build.0 = Debug|Any CPU
		{EC8386B9-D074-4991-A9A5-5A861F290916}.Release|Any CPU.ActiveCfg = Release|Any CPU
		{EC8386B9-D074-4991-A9A5-5A861F290916}.Release|Any CPU.Build.0 = Release|Any CPU
		{EC8386B9-D074-4991-A9A5-5A861F290916}.Release|x64.ActiveCfg = Release|Any CPU
		{EC8386B9-D074-4991-A9A5-5A861F290916}.Release|x64.Build.0 = Release|Any CPU
		{EC8386B9-D074-4991-A9A5-5A861F290916}.Release|x86.ActiveCfg = Release|Any CPU
		{EC8386B9-D074-4991-A9A5-5A861F290916}.Release|x86.Build.0 = Release|Any CPU
		{80AF91FE-E96D-4EF6-BE37-9FB2D5A72745}.Debug|Any CPU.ActiveCfg = Debug|Any CPU
		{80AF91FE-E96D-4EF6-BE37-9FB2D5A72745}.Debug|Any CPU.Build.0 = Debug|Any CPU
		{80AF91FE-E96D-4EF6-BE37-9FB2D5A72745}.Debug|x64.ActiveCfg = Debug|Any CPU
		{80AF91FE-E96D-4EF6-BE37-9FB2D5A72745}.Debug|x64.Build.0 = Debug|Any CPU
		{80AF91FE-E96D-4EF6-BE37-9FB2D5A72745}.Debug|x86.ActiveCfg = Debug|Any CPU
		{80AF91FE-E96D-4EF6-BE37-9FB2D5A72745}.Debug|x86.Build.0 = Debug|Any CPU
		{80AF91FE-E96D-4EF6-BE37-9FB2D5A72745}.Release|Any CPU.ActiveCfg = Release|Any CPU
		{80AF91FE-E96D-4EF6-BE37-9FB2D5A72745}.Release|Any CPU.Build.0 = Release|Any CPU
		{80AF91FE-E96D-4EF6-BE37-9FB2D5A72745}.Release|x64.ActiveCfg = Release|Any CPU
		{80AF91FE-E96D-4EF6-BE37-9FB2D5A72745}.Release|x64.Build.0 = Release|Any CPU
		{80AF91FE-E96D-4EF6-BE37-9FB2D5A72745}.Release|x86.ActiveCfg = Release|Any CPU
		{80AF91FE-E96D-4EF6-BE37-9FB2D5A72745}.Release|x86.Build.0 = Release|Any CPU
		{AA86E52E-88FE-4E21-9A34-58E6828581E0}.Debug|Any CPU.ActiveCfg = Debug|Any CPU
		{AA86E52E-88FE-4E21-9A34-58E6828581E0}.Debug|Any CPU.Build.0 = Debug|Any CPU
		{AA86E52E-88FE-4E21-9A34-58E6828581E0}.Debug|x64.ActiveCfg = Debug|Any CPU
		{AA86E52E-88FE-4E21-9A34-58E6828581E0}.Debug|x64.Build.0 = Debug|Any CPU
		{AA86E52E-88FE-4E21-9A34-58E6828581E0}.Debug|x86.ActiveCfg = Debug|Any CPU
		{AA86E52E-88FE-4E21-9A34-58E6828581E0}.Debug|x86.Build.0 = Debug|Any CPU
		{AA86E52E-88FE-4E21-9A34-58E6828581E0}.Release|Any CPU.ActiveCfg = Release|Any CPU
		{AA86E52E-88FE-4E21-9A34-58E6828581E0}.Release|Any CPU.Build.0 = Release|Any CPU
		{AA86E52E-88FE-4E21-9A34-58E6828581E0}.Release|x64.ActiveCfg = Release|Any CPU
		{AA86E52E-88FE-4E21-9A34-58E6828581E0}.Release|x64.Build.0 = Release|Any CPU
		{AA86E52E-88FE-4E21-9A34-58E6828581E0}.Release|x86.ActiveCfg = Release|Any CPU
		{AA86E52E-88FE-4E21-9A34-58E6828581E0}.Release|x86.Build.0 = Release|Any CPU
		{57CEF3BE-3F2B-4050-A46F-89B524472843}.Debug|Any CPU.ActiveCfg = Debug|Any CPU
		{57CEF3BE-3F2B-4050-A46F-89B524472843}.Debug|Any CPU.Build.0 = Debug|Any CPU
		{57CEF3BE-3F2B-4050-A46F-89B524472843}.Debug|x64.ActiveCfg = Debug|Any CPU
		{57CEF3BE-3F2B-4050-A46F-89B524472843}.Debug|x64.Build.0 = Debug|Any CPU
		{57CEF3BE-3F2B-4050-A46F-89B524472843}.Debug|x86.ActiveCfg = Debug|Any CPU
		{57CEF3BE-3F2B-4050-A46F-89B524472843}.Debug|x86.Build.0 = Debug|Any CPU
		{57CEF3BE-3F2B-4050-A46F-89B524472843}.Release|Any CPU.ActiveCfg = Release|Any CPU
		{57CEF3BE-3F2B-4050-A46F-89B524472843}.Release|Any CPU.Build.0 = Release|Any CPU
		{57CEF3BE-3F2B-4050-A46F-89B524472843}.Release|x64.ActiveCfg = Release|Any CPU
		{57CEF3BE-3F2B-4050-A46F-89B524472843}.Release|x64.Build.0 = Release|Any CPU
		{57CEF3BE-3F2B-4050-A46F-89B524472843}.Release|x86.ActiveCfg = Release|Any CPU
		{57CEF3BE-3F2B-4050-A46F-89B524472843}.Release|x86.Build.0 = Release|Any CPU
		{AB3C775F-5D77-4D89-94DD-4CE696BD2FE2}.Debug|Any CPU.ActiveCfg = Debug|Any CPU
		{AB3C775F-5D77-4D89-94DD-4CE696BD2FE2}.Debug|Any CPU.Build.0 = Debug|Any CPU
		{AB3C775F-5D77-4D89-94DD-4CE696BD2FE2}.Debug|x64.ActiveCfg = Debug|Any CPU
		{AB3C775F-5D77-4D89-94DD-4CE696BD2FE2}.Debug|x64.Build.0 = Debug|Any CPU
		{AB3C775F-5D77-4D89-94DD-4CE696BD2FE2}.Debug|x86.ActiveCfg = Debug|Any CPU
		{AB3C775F-5D77-4D89-94DD-4CE696BD2FE2}.Debug|x86.Build.0 = Debug|Any CPU
		{AB3C775F-5D77-4D89-94DD-4CE696BD2FE2}.Release|Any CPU.ActiveCfg = Release|Any CPU
		{AB3C775F-5D77-4D89-94DD-4CE696BD2FE2}.Release|Any CPU.Build.0 = Release|Any CPU
		{AB3C775F-5D77-4D89-94DD-4CE696BD2FE2}.Release|x64.ActiveCfg = Release|Any CPU
		{AB3C775F-5D77-4D89-94DD-4CE696BD2FE2}.Release|x64.Build.0 = Release|Any CPU
		{AB3C775F-5D77-4D89-94DD-4CE696BD2FE2}.Release|x86.ActiveCfg = Release|Any CPU
		{AB3C775F-5D77-4D89-94DD-4CE696BD2FE2}.Release|x86.Build.0 = Release|Any CPU
	EndGlobalSection
	GlobalSection(SolutionProperties) = preSolution
		HideSolutionNode = FALSE
	EndGlobalSection
EndGlobal
